{
  "name": "01_journal_agent",
  "version": "1.0.0",
  "lockfileVersion": 3,
  "requires": true,
  "packages": {
    "": {
      "name": "01_journal_agent",
      "version": "1.0.0",
      "license": "ISC",
      "dependencies": {
        "@notionhq/client": "^5.23.3",
        "dotenv": "^17.4.2"
      }
    },
    "node_modules/@notionhq/client": {
      "version": "5.23.3",
      "resolved": "https://registry.npmjs.org/@notionhq/client/-/client-5.23.3.tgz",
      "integrity": "sha512-Uk0ycO+u6+iueoE/eK9Aa/DGWd2tZ9ymvGF/MXcfxXXL+AS2JYWm1ols19rEk5qOdZ0l2KYc6zThx0iXQ3QhpQ==",
      "license": "MIT",
      "engines": {
        "node": ">=18"
      }
    },
    "node_modules/dotenv": {
      "version": "17.4.2",
      "resolved": "https://registry.npmjs.org/dotenv/-/dotenv-17.4.2.tgz",
      "integrity": "sha512-nI4U3TottKAcAD9LLud4Cb7b2QztQMUEfHbvhTH09bqXTxnSie8WnjPALV/WMCrJZ6UV/qHJ6L03OqO3LcdYZw==",
      "license": "BSD-2-Clause",
      "engines": {
        "node": ">=12"
      },
      "funding": {
        "url": "https://dotenvx.com"
      }
    }
  }
}
